// !$*UTF8*$!
{
	archiveVersion = 1;
	classes = {
	};
	objectVersion = 50;
	objects = {

/* Begin PBXBuildFile section */
		50A823970E21D51B2E949977 /* Pods_FSSpecs.framework in Frameworks */ = {isa = PBXBuildFile; fileRef = D2F6D8F3E1555CC6AD819B00 /* Pods_FSSpecs.framework */; };
		82E030DB247686EF0040BAD1 /* AppDelegate.m in Sources */ = {isa = PBXBuildFile; fileRef = 82E030DA247686EF0040BAD1 /* AppDelegate.m */; };
		82E030DE247686EF0040BAD1 /* SceneDelegate.m in Sources */ = {isa = PBXBuildFile; fileRef = 82E030DD247686EF0040BAD1 /* SceneDelegate.m */; };
		82E030E1247686EF0040BAD1 /* ViewController.m in Sources */ = {isa = PBXBuildFile; fileRef = 82E030E0247686EF0040BAD1 /* ViewController.m */; };
		82E030E4247686EF0040BAD1 /* Main.storyboard in Resources */ = {isa = PBXBuildFile; fileRef = 82E030E2247686EF0040BAD1 /* Main.storyboard */; };
		82E030E6247686F10040BAD1 /* Assets.xcassets in Resources */ = {isa = PBXBuildFile; fileRef = 82E030E5247686F10040BAD1 /* Assets.xcassets */; };
		82E030E9247686F10040BAD1 /* LaunchScreen.storyboard in Resources */ = {isa = PBXBuildFile; fileRef = 82E030E7247686F10040BAD1 /* LaunchScreen.storyboard */; };
		82E030EC247686F10040BAD1 /* main.m in Sources */ = {isa = PBXBuildFile; fileRef = 82E030EB247686F10040BAD1 /* main.m */; };
/* End PBXBuildFile section */

/* Begin PBXFileReference section */
		82E030D6247686EF0040BAD1 /* FSSpecs.app */ = {isa = PBXFileReference; explicitFileType = wrapper.application; includeInIndex = 0; path = FSSpecs.app; sourceTree = BUILT_PRODUCTS_DIR; };
		82E030D9247686EF0040BAD1 /* AppDelegate.h */ = {isa = PBXFileReference; lastKnownFileType = sourcecode.c.h; path = AppDelegate.h; sourceTree = "<group>"; };
		82E030DA247686EF0040BAD1 /* AppDelegate.m */ = {isa = PBXFileReference; lastKnownFileType = sourcecode.c.objc; path = AppDelegate.m; sourceTree = "<group>"; };
		82E030DC247686EF0040BAD1 /* SceneDelegate.h */ = {isa = PBXFileReference; lastKnownFileType = sourcecode.c.h; path = SceneDelegate.h; sourceTree = "<group>"; };
		82E030DD247686EF0040BAD1 /* SceneDelegate.m */ = {isa = PBXFileReference; lastKnownFileType = sourcecode.c.objc; path = SceneDelegate.m; sourceTree = "<group>"; };
		82E030DF247686EF0040BAD1 /* ViewController.h */ = {isa = PBXFileReference; lastKnownFileType = sourcecode.c.h; path = ViewController.h; sourceTree = "<group>"; };
		82E030E0247686EF0040BAD1 /* ViewController.m */ = {isa = PBXFileReference; lastKnownFileType = sourcecode.c.objc; path = ViewController.m; sourceTree = "<group>"; };
		82E030E3247686EF0040BAD1 /* Base */ = {isa = PBXFileReference; lastKnownFileType = file.storyboard; name = Base; path = Base.lproj/Main.storyboard; sourceTree = "<group>"; };
		82E030E5247686F10040BAD1 /* Assets.xcassets */ = {isa = PBXFileReference; lastKnownFileType = folder.assetcatalog; path = Assets.xcassets; sourceTree = "<group>"; };
		82E030E8247686F10040BAD1 /* Base */ = {isa = PBXFileReference; lastKnownFileType = file.storyboard; name = Base; path = Base.lproj/LaunchScreen.storyboard; sourceTree = "<group>"; };
		82E030EA247686F10040BAD1 /* Info.plist */ = {isa = PBXFileReference; lastKnownFileType = text.plist.xml; path = Info.plist; sourceTree = "<group>"; };
		82E030EB247686F10040BAD1 /* main.m */ = {isa = PBXFileReference; lastKnownFileType = sourcecode.c.objc; path = main.m; sourceTree = "<group>"; };
		B3209E7E86940B44E1645131 /* Pods-FSSpecs.release.xcconfig */ = {isa = PBXFileReference; includeInIndex = 1; lastKnownFileType = text.xcconfig; name = "Pods-FSSpecs.release.xcconfig"; path = "Target Support Files/Pods-FSSpecs/Pods-FSSpecs.release.xcconfig"; sourceTree = "<group>"; };
		D2F6D8F3E1555CC6AD819B00 /* Pods_FSSpecs.framework */ = {isa = PBXFileReference; explicitFileType = wrapper.framework; includeInIndex = 0; path = Pods_FSSpecs.framework; sourceTree = BUILT_PRODUCTS_DIR; };
		DE1034B2EEFE87C4AAC06D86 /* Pods-FSSpecs.debug.xcconfig */ = {isa = PBXFileReference; includeInIndex = 1; lastKnownFileType = text.xcconfig; name = "Pods-FSSpecs.debug.xcconfig"; path = "Target Support Files/Pods-FSSpecs/Pods-FSSpecs.debug.xcconfig"; sourceTree = "<group>"; };
/* End PBXFileReference section */

/* Begin PBXFrameworksBuildPhase section */
		82E030D3247686EF0040BAD1 /* Frameworks */ = {
			isa = PBXFrameworksBuildPhase;
			buildActionMask = 2147483647;
			files = (
				50A823970E21D51B2E949977 /* Pods_FSSpecs.framework in Frameworks */,
			);
			runOnlyForDeploymentPostprocessing = 0;
		};
/* End PBXFrameworksBuildPhase section */

/* Begin PBXGroup section */
		7C9A16967ECF5B86F8383E9B /* Pods */ = {
			isa = PBXGroup;
			children = (
				DE1034B2EEFE87C4AAC06D86 /* Pods-FSSpecs.debug.xcconfig */,
				B3209E7E86940B44E1645131 /* Pods-FSSpecs.release.xcconfig */,
			);
			path = Pods;
			sourceTree = "<group>";
		};
		82E030CD247686EF0040BAD1 = {
			isa = PBXGroup;
			children = (
				82E030D8247686EF0040BAD1 /* FSSpecs */,
				82E030D7247686EF0040BAD1 /* Products */,
				7C9A16967ECF5B86F8383E9B /* Pods */,
				A1854064A8089FFB7F69C2CA /* Frameworks */,
			);
			sourceTree = "<group>";
		};
		82E030D7247686EF0040BAD1 /* Products */ = {
			isa = PBXGroup;
			children = (
				82E030D6247686EF0040BAD1 /* FSSpecs.app */,
			);
			name = Products;
			sourceTree = "<group>";
		};
		82E030D8247686EF0040BAD1 /* FSSpecs */ = {
			isa = PBXGroup;
			children = (
				82E030D9247686EF0040BAD1 /* AppDelegate.h */,
				82E030DA247686EF0040BAD1 /* AppDelegate.m */,
				82E030DC247686EF0040BAD1 /* SceneDelegate.h */,
				82E030DD247686EF0040BAD1 /* SceneDelegate.m */,
				82E030DF247686EF0040BAD1 /* ViewController.h */,
				82E030E0247686EF0040BAD1 /* ViewController.m */,
				82E030E2247686EF0040BAD1 /* Main.storyboard */,
				82E030E5247686F10040BAD1 /* Assets.xcassets */,
				82E030E7247686F10040BAD1 /* LaunchScreen.storyboard */,
				82E030EA247686F10040BAD1 /* Info.plist */,
				82E030EB247686F10040BAD1 /* main.m */,
			);
			path = FSSpecs;
			sourceTree = "<group>";
		};
		A1854064A8089FFB7F69C2CA /* Frameworks */ = {
			isa = PBXGroup;
			children = (
				D2F6D8F3E1555CC6AD819B00 /* Pods_FSSpecs.framework */,
			);
			name = Frameworks;
			sourceTree = "<group>";
		};
/* End PBXGroup section */

/* Begin PBXNativeTarget section */
		82E030D5247686EF0040BAD1 /* FSSpecs */ = {
			isa = PBXNativeTarget;
			buildConfigurationList = 82E030EF247686F10040BAD1 /* Build configuration list for PBXNativeTarget "FSSpecs" */;
			buildPhases = (
				B5D0EEC51CD52B5149CDFE77 /* [CP] Check Pods Manifest.lock */,
				82E030D2247686EF0040BAD1 /* Sources */,
				82E030D3247686EF0040BAD1 /* Frameworks */,
				82E030D4247686EF0040BAD1 /* Resources */,
			);
			buildRules = (
			);
			dependencies = (
			);
			name = FSSpecs;
			productName = FSSpecs;
			productReference = 82E030D6247686EF0040BAD1 /* FSSpecs.app */;
			productType = "com.apple.product-type.application";
		};
/* End PBXNativeTarget section */

/* Begin PBXProject section */
		82E030CE247686EF0040BAD1 /* Project object */ = {
			isa = PBXProject;
			attributes = {
				LastUpgradeCheck = 1130;
				ORGANIZATIONNAME = fengshuo;
				TargetAttributes = {
					82E030D5247686EF0040BAD1 = {
						CreatedOnToolsVersion = 11.3;
					};
				};
			};
			buildConfigurationList = 82E030D1247686EF0040BAD1 /* Build configuration list for PBXProject "FSSpecs" */;
			compatibilityVersion = "Xcode 9.3";
			developmentRegion = en;
			hasScannedForEncodings = 0;
			knownRegions = (
				en,
				Base,
			);
			mainGroup = 82E030CD247686EF0040BAD1;
			productRefGroup = 82E030D7247686EF0040BAD1 /* Products */;
			projectDirPath = "";
			projectRoot = "";
			targets = (
				82E030D5247686EF0040BAD1 /* FSSpecs */,
			);
		};
/* End PBXProject section */

/* Begin PBXResourcesBuildPhase section */
		82E030D4247686EF0040BAD1 /* Resources */ = {
			isa = PBXResourcesBuildPhase;
			buildActionMask = 2147483647;
			files = (
				82E030E9247686F10040BAD1 /* LaunchScreen.storyboard in Resources */,
				82E030E6247686F10040BAD1 /* Assets.xcassets in Resources */,
				82E030E4247686EF0040BAD1 /* Main.storyboard in Resources */,
			);
			runOnlyForDeploymentPostprocessing = 0;
		};
/* End PBXResourcesBuildPhase section */

/* Begin PBXShellScriptBuildPhase section */
		B5D0EEC51CD52B5149CDFE77 /* [CP] Check Pods Manifest.lock */ = {
			isa = PBXShellScriptBuildPhase;
			buildActionMask = 2147483647;
			files = (
			);
			inputFileListPaths = (
			);
			inputPaths = (
				"${PODS_PODFILE_DIR_PATH}/Podfile.lock",
				"${PODS_ROOT}/Manifest.lock",
			);
			name = "[CP] Check Pods Manifest.lock";
			outputFileListPaths = (
			);
			outputPaths = (
				"$(DERIVED_FILE_DIR)/Pods-FSSpecs-checkManifestLockResult.txt",
			);
			runOnlyForDeploymentPostprocessing = 0;
			shellPath = /bin/sh;
			shellScript = "diff \"${PODS_PODFILE_DIR_PATH}/Podfile.lock\" \"${PODS_ROOT}/Manifest.lock\" > /dev/null\nif [ $? != 0 ] ; then\n    # print error to STDERR\n    echo \"error: The sandbox is not in sync with the Podfile.lock. Run 'pod install' or update your CocoaPods installation.\" >&2\n    exit 1\nfi\n# This output is used by Xcode 'outputs' to avoid re-running this script phase.\necho \"SUCCESS\" > \"${SCRIPT_OUTPUT_FILE_0}\"\n";
			showEnvVarsInLog = 0;
		};
/* End PBXShellScriptBuildPhase section */

/* Begin PBXSourcesBuildPhase section */
		82E030D2247686EF0040BAD1 /* Sources */ = {
			isa = PBXSourcesBuildPhase;
			buildActionMask = 2147483647;
			files = (
				82E030E1247686EF0040BAD1 /* ViewController.m in Sources */,
				82E030DB247686EF0040BAD1 /* AppDelegate.m in Sources */,
				82E030EC247686F10040BAD1 /* main.m in Sources */,
				82E030DE247686EF0040BAD1 /* SceneDelegate.m in Sources */,
			);
			runOnlyForDeploymentPostprocessing = 0;
		};
/* End PBXSourcesBuildPhase section */

/* Begin PBXVariantGroup section */
		82E030E2247686EF0040BAD1 /* Main.storyboard */ = {
			isa = PBXVariantGroup;
			children = (
				82E030E3247686EF0040BAD1 /* Base */,
			);
			name = Main.storyboard;
			sourceTree = "<group>";
		};
		82E030E7247686F10040BAD1 /* LaunchScreen.storyboard */ = {
			isa = PBXVariantGroup;
			children = (
				82E030E8247686F10040BAD1 /* Base */,
			);
			name = LaunchScreen.storyboard;
			sourceTree = "<group>";
		};
/* End PBXVariantGroup section */

/* Begin XCBuildConfiguration section */
		82E030ED247686F10040BAD1 /* Debug */ = {
			isa = XCBuildConfiguration;
			buildSettings = {
				ALWAYS_SEARCH_USER_PATHS = NO;
				CLANG_ANALYZER_NONNULL = YES;
				CLANG_ANALYZER_NUMBER_OBJECT_CONVERSION = YES_AGGRESSIVE;
				CLANG_CXX_LANGUAGE_STANDARD = "gnu++14";
				CLANG_CXX_LIBRARY = "libc++";
				CLANG_ENABLE_MODULES = YES;
				CLANG_ENABLE_OBJC_ARC = YES;
				CLANG_ENABLE_OBJC_WEAK = YES;
				CLANG_WARN_BLOCK_CAPTURE_AUTORELEASING = YES;
				CLANG_WARN_BOOL_CONVERSION = YES;
				CLANG_WARN_COMMA = YES;
				CLANG_WARN_CONSTANT_CONVERSION = YES;
				CLANG_WARN_DEPRECATED_OBJC_IMPLEMENTATIONS = YES;
				CLANG_WARN_DIRECT_OBJC_ISA_USAGE = YES_ERROR;
				CLANG_WARN_DOCUMENTATION_COMMENTS = YES;
				CLANG_WARN_EMPTY_BODY = YES;
				CLANG_WARN_ENUM_CONVERSION = YES;
				CLANG_WARN_INFINITE_RECURSION = YES;
				CLANG_WARN_INT_CONVERSION = YES;
				CLANG_WARN_NON_LITERAL_NULL_CONVERSION = YES;
				CLANG_WARN_OBJC_IMPLICIT_RETAIN_SELF = YES;
				CLANG_WARN_OBJC_LITERAL_CONVERSION = YES;
				CLANG_WARN_OBJC_ROOT_CLASS = YES_ERROR;
				CLANG_WARN_RANGE_LOOP_ANALYSIS = YES;
				CLANG_WARN_STRICT_PROTOTYPES = YES;
				CLANG_WARN_SUSPICIOUS_MOVE = YES;
				CLANG_WARN_UNGUARDED_AVAILABILITY = YES_AGGRESSIVE;
				CLANG_WARN_UNREACHABLE_CODE = YES;
				CLANG_WARN__DUPLICATE_METHOD_MATCH = YES;
				COPY_PHASE_STRIP = NO;
				DEBUG_INFORMATION_FORMAT = dwarf;
				ENABLE_STRICT_OBJC_MSGSEND = YES;
				ENABLE_TESTABILITY = YES;
				GCC_C_LANGUAGE_STANDARD = gnu11;
				GCC_DYNAMIC_NO_PIC = NO;
				GCC_NO_COMMON_BLOCKS = YES;
				GCC_OPTIMIZATION_LEVEL = 0;
				GCC_PREPROCESSOR_DEFINITIONS = (
					"DEBUG=1",
					"$(inherited)",
				);
				GCC_WARN_64_TO_32_BIT_CONVERSION = YES;
				GCC_WARN_ABOUT_RETURN_TYPE = YES_ERROR;
				GCC_WARN_UNDECLARED_SELECTOR = YES;
				GCC_WARN_UNINITIALIZED_AUTOS = YES_AGGRESSIVE;
				GCC_WARN_UNUSED_FUNCTION = YES;
				GCC_WARN_UNUSED_VARIABLE = YES;
				IPHONEOS_DEPLOYMENT_TARGET = 13.2;
				MTL_ENABLE_DEBUG_INFO = INCLUDE_SOURCE;
				MTL_FAST_MATH = YES;
				ONLY_ACTIVE_ARCH = YES;
				SDKROOT = iphoneos;
			};
			name = Debug;
		};
		82E030EE247686F10040BAD1 /* Release */ = {
			isa = XCBuildConfiguration;
			buildSettings = {
				ALWAYS_SEARCH_USER_PATHS = NO;
				CLANG_ANALYZER_NONNULL = YES;
				CLANG_ANALYZER_NUMBER_OBJECT_CONVERSION = YES_AGGRESSIVE;
				CLANG_CXX_LANGUAGE_STANDARD = "gnu++14";
				CLANG_CXX_LIBRARY = "libc++";
				CLANG_ENABLE_MODULES = YES;
				CLANG_ENABLE_OBJC_ARC = YES;
				CLANG_ENABLE_OBJC_WEAK = YES;
				CLANG_WARN_BLOCK_CAPTURE_AUTORELEASING = YES;
				CLANG_WARN_BOOL_CONVERSION = YES;
				CLANG_WARN_COMMA = YES;
				CLANG_WARN_CONSTANT_CONVERSION = YES;
				CLANG_WARN_DEPRECATED_OBJC_IMPLEMENTATIONS = YES;
				CLANG_WARN_DIRECT_OBJC_ISA_USAGE = YES_ERROR;
				CLANG_WARN_DOCUMENTATION_COMMENTS = YES;
				CLANG_WARN_EMPTY_BODY = YES;
				CLANG_WARN_ENUM_CONVERSION = YES;
				CLANG_WARN_INFINITE_RECURSION = YES;
				CLANG_WARN_INT_CONVERSION = YES;
				CLANG_WARN_NON_LITERAL_NULL_CONVERSION = YES;
				CLANG_WARN_OBJC_IMPLICIT_RETAIN_SELF = YES;
				CLANG_WARN_OBJC_LITERAL_CONVERSION = YES;
				CLANG_WARN_OBJC_ROOT_CLASS = YES_ERROR;
				CLANG_WARN_RANGE_LOOP_ANALYSIS = YES;
				CLANG_WARN_STRICT_PROTOTYPES = YES;
				CLANG_WARN_SUSPICIOUS_MOVE = YES;
				CLANG_WARN_UNGUARDED_AVAILABILITY = YES_AGGRESSIVE;
				CLANG_WARN_UNREACHABLE_CODE = YES;
				CLANG_WARN__DUPLICATE_METHOD_MATCH = YES;
				COPY_PHASE_STRIP = NO;
				DEBUG_INFORMATION_FORMAT = "dwarf-with-dsym";
				ENABLE_NS_ASSERTIONS = NO;
				ENABLE_STRICT_OBJC_MSGSEND = YES;
				GCC_C_LANGUAGE_STANDARD = gnu11;
				GCC_NO_COMMON_BLOCKS = YES;
				GCC_WARN_64_TO_32_BIT_CONVERSION = YES;
				GCC_WARN_ABOUT_RETURN_TYPE = YES_ERROR;
				GCC_WARN_UNDECLARED_SELECTOR = YES;
				GCC_WARN_UNINITIALIZED_AUTOS = YES_AGGRESSIVE;
				GCC_WARN_UNUSED_FUNCTION = YES;
				GCC_WARN_UNUSED_VARIABLE = YES;
				IPHONEOS_DEPLOYMENT_TARGET = 13.2;
				MTL_ENABLE_DEBUG_INFO = NO;
				MTL_FAST_MATH = YES;
				SDKROOT = iphoneos;
				VALIDATE_PRODUCT = YES;
			};
			name = Release;
		};
		82E030F0247686F10040BAD1 /* Debug */ = {
			isa = XCBuildConfiguration;
			baseConfigurationReference = DE1034B2EEFE87C4AAC06D86 /* Pods-FSSpecs.debug.xcconfig */;
			buildSettings = {
				ASSETCATALOG_COMPILER_APPICON_NAME = AppIcon;
				CODE_SIGN_STYLE = Automatic;
				INFOPLIST_FILE = FSSpecs/Info.plist;
				LD_RUNPATH_SEARCH_PATHS = (
					"$(inherited)",
					"@executable_path/Frameworks",
				);
				PRODUCT_BUNDLE_IDENTIFIER = fengshuo.FSSpecs;
				PRODUCT_NAME = "$(TARGET_NAME)";
				TARGETED_DEVICE_FAMILY = "1,2";
			};
			name = Debug;
		};
		82E030F1247686F10040BAD1 /* Release */ = {
			isa = XCBuildConfiguration;
			baseConfigurationReference = B3209E7E86940B44E1645131 /* Pods-FSSpecs.release.xcconfig */;
			buildSettings = {
				ASSETCATALOG_COMPILER_APPICON_NAME = AppIcon;
				CODE_SIGN_STYLE = Automatic;
				INFOPLIST_FILE = FSSpecs/Info.plist;
				LD_RUNPATH_SEARCH_PATHS = (
					"$(inherited)",
					"@executable_path/Frameworks",
				);
				PRODUCT_BUNDLE_IDENTIFIER = fengshuo.FSSpecs;
				PRODUCT_NAME = "$(TARGET_NAME)";
				TARGETED_DEVICE_FAMILY = "1,2";
			};
			name = Release;
		};
/* End XCBuildConfiguration section */

/* Begin XCConfigurationList section */
		82E030D1247686EF0040BAD1 /* Build configuration list for PBXProject "FSSpecs" */ = {
			isa = XCConfigurationList;
			buildConfigurations = (
				82E030ED247686F10040BAD1 /* Debug */,
				82E030EE247686F10040BAD1 /* Release */,
			);
			defaultConfigurationIsVisible = 0;
			defaultConfigurationName = Release;
		};
		82E030EF247686F10040BAD1 /* Build configuration list for PBXNativeTarget "FSSpecs" */ = {
			isa = XCConfigurationList;
			buildConfigurations = (
				82E030F0247686F10040BAD1 /* Debug */,
				82E030F1247686F10040BAD1 /* Release */,
			);
			defaultConfigurationIsVisible = 0;
			defaultConfigurationName = Release;
		};
/* End XCConfigurationList section */
	};
	rootObject = 82E030CE247686EF0040BAD1 /* Project object */;
}
